{
  "name": "blick",
  "lockfileVersion": 3,
  "requires": true,
  "packages": {
    "": {
      "dependencies": {
        "dynamsoft-javascript-barcode": "^9.6.20"
      }
    },
    "node_modules/dm-fabric": {
      "version": "5.1.17",
      "resolved": "https://registry.npmjs.org/dm-fabric/-/dm-fabric-5.1.17.tgz",
      "integrity": "sha512-YouI4F+svfqTi3FM9fKG8ZqtdygzLbAzaA53QfekreLvJRqaHhCplk+2EF+cgMmuO5kY62m2Pm0pBqqV/sc5Vg==",
      "engines": {
        "node": ">=14.0.0"
      }
    },
    "node_modules/dm-howler": {
      "version": "2.2.4",
      "resolved": "https://registry.npmjs.org/dm-howler/-/dm-howler-2.2.4.tgz",
      "integrity": "sha512-h+iDEP/cyALeqWNtGdZZRwm3buSwaG26wzF6fCUGhvkF/yxYoWb8F/v7qN+urqdZw3wotZGO/01rDlzOxJUUGw=="
    },
    "node_modules/dynamsoft-camera-enhancer": {
      "version": "3.3.4",
      "resolved": "https://registry.npmjs.org/dynamsoft-camera-enhancer/-/dynamsoft-camera-enhancer-3.3.4.tgz",
      "integrity": "sha512-jEfu/LyoAgOmEwW4rL8zcVSMLoe9+SZtuXOPeX50Yat/XzqwZv4axVfbqQydmjDLoNGWjLVfwv0q+yiixng8kw==",
      "dependencies": {
        "dm-fabric": "^5.1.17",
        "mutable-promise": "^1.1.13"
      }
    },
    "node_modules/dynamsoft-javascript-barcode": {
      "version": "9.6.20",
      "resolved": "https://registry.npmjs.org/dynamsoft-javascript-barcode/-/dynamsoft-javascript-barcode-9.6.20.tgz",
      "integrity": "sha512-sq3mRiqGo3H5hPSA/5of8NRcRwwQnNaNRyD6xRltXwJmQbavMm+GX0hQsOVoXYNmuxLv6i/n+lfQn29R3g67uw==",
      "dependencies": {
        "dm-howler": "^2.2.4",
        "dynamsoft-camera-enhancer": "^3.3.4"
      },
      "peerDependencies": {
        "node-fetch": "^2.6.5",
        "node-localstorage": "^2.2.1"
      },
      "peerDependenciesMeta": {
        "node-fetch": {
          "optional": true
        },
        "node-localstorage": {
          "optional": true
        }
      }
    },
    "node_modules/mutable-promise": {
      "version": "1.1.13",
      "resolved": "https://registry.npmjs.org/mutable-promise/-/mutable-promise-1.1.13.tgz",
      "integrity": "sha512-2NzvKW97ZG2C7Z6H80+fWD/0kG5FOycAptsplCoyx5rrjA8Ix5b9PgqDHxecgQFCm+646uZpt71rQLRrBkL3JA=="
    }
  }
}
